// !$*UTF8*$!
{
	archiveVersion = 1;
	classes = {
	};
	objectVersion = 48;
	objects = {

/* Begin PBXBuildFile section */
		124DFB0A21411E07005B650A /* MoreTests.swift in Sources */ = {isa = PBXBuildFile; fileRef = 124DFB0921411E07005B650A /* MoreTests.swift */; };
		124DFB0C2141322E005B650A /* SkippedSuite.swift in Sources */ = {isa = PBXBuildFile; fileRef = 124DFB0B2141322E005B650A /* SkippedSuite.swift */; };
		1271DC9A21351C6D002B8D3E /* AppDelegate.swift in Sources */ = {isa = PBXBuildFile; fileRef = 1271DC9921351C6D002B8D3E /* AppDelegate.swift */; };
		1271DC9F21351C6D002B8D3E /* Main.storyboard in Resources */ = {isa = PBXBuildFile; fileRef = 1271DC9D21351C6D002B8D3E /* Main.storyboard */; };
		1271DCA121351C6D002B8D3E /* Assets.xcassets in Resources */ = {isa = PBXBuildFile; fileRef = 1271DCA021351C6D002B8D3E /* Assets.xcassets */; };
		1271DCA421351C6D002B8D3E /* LaunchScreen.storyboard in Resources */ = {isa = PBXBuildFile; fileRef = 1271DCA221351C6D002B8D3E /* LaunchScreen.storyboard */; };
		1271DCBA21351C6D002B8D3E /* StoryboardTests.swift in Sources */ = {isa = PBXBuildFile; fileRef = 1271DCB921351C6D002B8D3E /* StoryboardTests.swift */; };
/* End PBXBuildFile section */

/* Begin PBXContainerItemProxy section */
		1271DCB621351C6D002B8D3E /* PBXContainerItemProxy */ = {
			isa = PBXContainerItemProxy;
			containerPortal = 1271DC8E21351C6D002B8D3E /* Project object */;
			proxyType = 1;
			remoteGlobalIDString = 1271DC9521351C6D002B8D3E;
			remoteInfo = "sample-app";
		};
/* End PBXContainerItemProxy section */

/* Begin PBXFileReference section */
		124DFB0921411E07005B650A /* MoreTests.swift */ = {isa = PBXFileReference; fileEncoding = 4; lastKnownFileType = sourcecode.swift; path = MoreTests.swift; sourceTree = "<group>"; };
		124DFB0B2141322E005B650A /* SkippedSuite.swift */ = {isa = PBXFileReference; fileEncoding = 4; lastKnownFileType = sourcecode.swift; path = SkippedSuite.swift; sourceTree = "<group>"; };
		1271DC9621351C6D002B8D3E /* sample-app.app */ = {isa = PBXFileReference; explicitFileType = wrapper.application; includeInIndex = 0; path = "sample-app.app"; sourceTree = BUILT_PRODUCTS_DIR; };
		1271DC9921351C6D002B8D3E /* AppDelegate.swift */ = {isa = PBXFileReference; lastKnownFileType = sourcecode.swift; path = AppDelegate.swift; sourceTree = "<group>"; };
		1271DC9E21351C6D002B8D3E /* Base */ = {isa = PBXFileReference; lastKnownFileType = file.storyboard; name = Base; path = Base.lproj/Main.storyboard; sourceTree = "<group>"; };
		1271DCA021351C6D002B8D3E /* Assets.xcassets */ = {isa = PBXFileReference; lastKnownFileType = folder.assetcatalog; path = Assets.xcassets; sourceTree = "<group>"; };
		1271DCA321351C6D002B8D3E /* Base */ = {isa = PBXFileReference; lastKnownFileType = file.storyboard; name = Base; path = Base.lproj/LaunchScreen.storyboard; sourceTree = "<group>"; };
		1271DCA521351C6D002B8D3E /* Info.plist */ = {isa = PBXFileReference; lastKnownFileType = text.plist.xml; path = Info.plist; sourceTree = "<group>"; };
		1271DCB521351C6D002B8D3E /* sample-appUITests.xctest */ = {isa = PBXFileReference; explicitFileType = wrapper.cfbundle; includeInIndex = 0; path = "sample-appUITests.xctest"; sourceTree = BUILT_PRODUCTS_DIR; };
		1271DCB921351C6D002B8D3E /* StoryboardTests.swift */ = {isa = PBXFileReference; lastKnownFileType = sourcecode.swift; path = StoryboardTests.swift; sourceTree = "<group>"; };
		1271DCBB21351C6D002B8D3E /* Info.plist */ = {isa = PBXFileReference; lastKnownFileType = text.plist.xml; path = Info.plist; sourceTree = "<group>"; };
/* End PBXFileReference section */

/* Begin PBXFrameworksBuildPhase section */
		1271DC9321351C6D002B8D3E /* Frameworks */ = {
			isa = PBXFrameworksBuildPhase;
			buildActionMask = 2147483647;
			files = (
			);
			runOnlyForDeploymentPostprocessing = 0;
		};
		1271DCB221351C6D002B8D3E /* Frameworks */ = {
			isa = PBXFrameworksBuildPhase;
			buildActionMask = 2147483647;
			files = (
			);
			runOnlyForDeploymentPostprocessing = 0;
		};
/* End PBXFrameworksBuildPhase section */

/* Begin PBXGroup section */
		1271DC8D21351C6D002B8D3E = {
			isa = PBXGroup;
			children = (
				1271DC9821351C6D002B8D3E /* sample-app */,
				1271DCB821351C6D002B8D3E /* sample-appUITests */,
				1271DC9721351C6D002B8D3E /* Products */,
			);
			sourceTree = "<group>";
		};
		1271DC9721351C6D002B8D3E /* Products */ = {
			isa = PBXGroup;
			children = (
				1271DC9621351C6D002B8D3E /* sample-app.app */,
				1271DCB521351C6D002B8D3E /* sample-appUITests.xctest */,
			);
			name = Products;
			sourceTree = "<group>";
		};
		1271DC9821351C6D002B8D3E /* sample-app */ = {
			isa = PBXGroup;
			children = (
				1271DC9921351C6D002B8D3E /* AppDelegate.swift */,
				1271DC9D21351C6D002B8D3E /* Main.storyboard */,
				1271DCA021351C6D002B8D3E /* Assets.xcassets */,
				1271DCA221351C6D002B8D3E /* LaunchScreen.storyboard */,
				1271DCA521351C6D002B8D3E /* Info.plist */,
			);
			path = "sample-app";
			sourceTree = "<group>";
		};
		1271DCB821351C6D002B8D3E /* sample-appUITests */ = {
			isa = PBXGroup;
			children = (
				124DFB0921411E07005B650A /* MoreTests.swift */,
				124DFB0B2141322E005B650A /* SkippedSuite.swift */,
				1271DCB921351C6D002B8D3E /* StoryboardTests.swift */,
				1271DCBB21351C6D002B8D3E /* Info.plist */,
			);
			path = "sample-appUITests";
			sourceTree = "<group>";
		};
/* End PBXGroup section */

/* Begin PBXNativeTarget section */
		1271DC9521351C6D002B8D3E /* sample-app */ = {
			isa = PBXNativeTarget;
			buildConfigurationList = 1271DCBE21351C6D002B8D3E /* Build configuration list for PBXNativeTarget "sample-app" */;
			buildPhases = (
				1271DC9221351C6D002B8D3E /* Sources */,
				1271DC9321351C6D002B8D3E /* Frameworks */,
				1271DC9421351C6D002B8D3E /* Resources */,
			);
			buildRules = (
			);
			dependencies = (
			);
			name = "sample-app";
			productName = "sample-app";
			productReference = 1271DC9621351C6D002B8D3E /* sample-app.app */;
			productType = "com.apple.product-type.application";
		};
		1271DCB421351C6D002B8D3E /* sample-appUITests */ = {
			isa = PBXNativeTarget;
			buildConfigurationList = 1271DCC421351C6D002B8D3E /* Build configuration list for PBXNativeTarget "sample-appUITests" */;
			buildPhases = (
				1271DCB121351C6D002B8D3E /* Sources */,
				1271DCB221351C6D002B8D3E /* Frameworks */,
				1271DCB321351C6D002B8D3E /* Resources */,
			);
			buildRules = (
			);
			dependencies = (
				1271DCB721351C6D002B8D3E /* PBXTargetDependency */,
			);
			name = "sample-appUITests";
			productName = "sample-appUITests";
			productReference = 1271DCB521351C6D002B8D3E /* sample-appUITests.xctest */;
			productType = "com.apple.product-type.bundle.ui-testing";
		};
/* End PBXNativeTarget section */

/* Begin PBXProject section */
		1271DC8E21351C6D002B8D3E /* Project object */ = {
			isa = PBXProject;
			attributes = {
				LastSwiftUpdateCheck = 0920;
				LastUpgradeCheck = 0920;
				ORGANIZATIONNAME = "Panforov, Yurii (Agoda)";
				TargetAttributes = {
					1271DC9521351C6D002B8D3E = {
						CreatedOnToolsVersion = 9.2;
						ProvisioningStyle = Automatic;
					};
					1271DCB421351C6D002B8D3E = {
						CreatedOnToolsVersion = 9.2;
						ProvisioningStyle = Automatic;
						TestTargetID = 1271DC9521351C6D002B8D3E;
					};
				};
			};
			buildConfigurationList = 1271DC9121351C6D002B8D3E /* Build configuration list for PBXProject "sample-app" */;
			compatibilityVersion = "Xcode 8.0";
			developmentRegion = en;
			hasScannedForEncodings = 0;
			knownRegions = (
				en,
				Base,
			);
			mainGroup = 1271DC8D21351C6D002B8D3E;
			productRefGroup = 1271DC9721351C6D002B8D3E /* Products */;
			projectDirPath = "";
			projectRoot = "";
			targets = (
				1271DC9521351C6D002B8D3E /* sample-app */,
				1271DCB421351C6D002B8D3E /* sample-appUITests */,
			);
		};
/* End PBXProject section */

/* Begin PBXResourcesBuildPhase section */
		1271DC9421351C6D002B8D3E /* Resources */ = {
			isa = PBXResourcesBuildPhase;
			buildActionMask = 2147483647;
			files = (
				1271DCA421351C6D002B8D3E /* LaunchScreen.storyboard in Resources */,
				1271DCA121351C6D002B8D3E /* Assets.xcassets in Resources */,
				1271DC9F21351C6D002B8D3E /* Main.storyboard in Resources */,
			);
			runOnlyForDeploymentPostprocessing = 0;
		};
		1271DCB321351C6D002B8D3E /* Resources */ = {
			isa = PBXResourcesBuildPhase;
			buildActionMask = 2147483647;
			files = (
			);
			runOnlyForDeploymentPostprocessing = 0;
		};
/* End PBXResourcesBuildPhase section */

/* Begin PBXSourcesBuildPhase section */
		1271DC9221351C6D002B8D3E /* Sources */ = {
			isa = PBXSourcesBuildPhase;
			buildActionMask = 2147483647;
			files = (
				1271DC9A21351C6D002B8D3E /* AppDelegate.swift in Sources */,
			);
			runOnlyForDeploymentPostprocessing = 0;
		};
		1271DCB121351C6D002B8D3E /* Sources */ = {
			isa = PBXSourcesBuildPhase;
			buildActionMask = 2147483647;
			files = (
				124DFB0A21411E07005B650A /* MoreTests.swift in Sources */,
				124DFB0C2141322E005B650A /* SkippedSuite.swift in Sources */,
				1271DCBA21351C6D002B8D3E /* StoryboardTests.swift in Sources */,
			);
			runOnlyForDeploymentPostprocessing = 0;
		};
/* End PBXSourcesBuildPhase section */

/* Begin PBXTargetDependency section */
		1271DCB721351C6D002B8D3E /* PBXTargetDependency */ = {
			isa = PBXTargetDependency;
			target = 1271DC9521351C6D002B8D3E /* sample-app */;
			targetProxy = 1271DCB621351C6D002B8D3E /* PBXContainerItemProxy */;
		};
/* End PBXTargetDependency section */

/* Begin PBXVariantGroup section */
		1271DC9D21351C6D002B8D3E /* Main.storyboard */ = {
			isa = PBXVariantGroup;
			children = (
				1271DC9E21351C6D002B8D3E /* Base */,
			);
			name = Main.storyboard;
			sourceTree = "<group>";
		};
		1271DCA221351C6D002B8D3E /* LaunchScreen.storyboard */ = {
			isa = PBXVariantGroup;
			children = (
				1271DCA321351C6D002B8D3E /* Base */,
			);
			name = LaunchScreen.storyboard;
			sourceTree = "<group>";
		};
/* End PBXVariantGroup section */

/* Begin XCBuildConfiguration section */
		1271DCBC21351C6D002B8D3E /* Debug */ = {
			isa = XCBuildConfiguration;
			buildSettings = {
				ALWAYS_SEARCH_USER_PATHS = NO;
				CLANG_ANALYZER_NONNULL = YES;
				CLANG_ANALYZER_NUMBER_OBJECT_CONVERSION = YES_AGGRESSIVE;
				CLANG_CXX_LANGUAGE_STANDARD = "gnu++14";
				CLANG_CXX_LIBRARY = "libc++";
				CLANG_ENABLE_MODULES = YES;
				CLANG_ENABLE_OBJC_ARC = YES;
				CLANG_WARN_BLOCK_CAPTURE_AUTORELEASING = YES;
				CLANG_WARN_BOOL_CONVERSION = YES;
				CLANG_WARN_COMMA = YES;
				CLANG_WARN_CONSTANT_CONVERSION = YES;
				CLANG_WARN_DIRECT_OBJC_ISA_USAGE = YES_ERROR;
				CLANG_WARN_DOCUMENTATION_COMMENTS = YES;
				CLANG_WARN_EMPTY_BODY = YES;
				CLANG_WARN_ENUM_CONVERSION = YES;
				CLANG_WARN_INFINITE_RECURSION = YES;
				CLANG_WARN_INT_CONVERSION = YES;
				CLANG_WARN_NON_LITERAL_NULL_CONVERSION = YES;
				CLANG_WARN_OBJC_LITERAL_CONVERSION = YES;
				CLANG_WARN_OBJC_ROOT_CLASS = YES_ERROR;
				CLANG_WARN_RANGE_LOOP_ANALYSIS = YES;
				CLANG_WARN_STRICT_PROTOTYPES = YES;
				CLANG_WARN_SUSPICIOUS_MOVE = YES;
				CLANG_WARN_UNGUARDED_AVAILABILITY = YES_AGGRESSIVE;
				CLANG_WARN_UNREACHABLE_CODE = YES;
				CLANG_WARN__DUPLICATE_METHOD_MATCH = YES;
				CODE_SIGN_IDENTITY = "iPhone Developer";
				COPY_PHASE_STRIP = NO;
				DEBUG_INFORMATION_FORMAT = dwarf;
				ENABLE_STRICT_OBJC_MSGSEND = YES;
				ENABLE_TESTABILITY = YES;
				GCC_C_LANGUAGE_STANDARD = gnu11;
				GCC_DYNAMIC_NO_PIC = NO;
				GCC_NO_COMMON_BLOCKS = YES;
				GCC_OPTIMIZATION_LEVEL = 0;
				GCC_PREPROCESSOR_DEFINITIONS = (
					"DEBUG=1",
					"$(inherited)",
				);
				GCC_WARN_64_TO_32_BIT_CONVERSION = YES;
				GCC_WARN_ABOUT_RETURN_TYPE = YES_ERROR;
				GCC_WARN_UNDECLARED_SELECTOR = YES;
				GCC_WARN_UNINITIALIZED_AUTOS = YES_AGGRESSIVE;
				GCC_WARN_UNUSED_FUNCTION = YES;
				GCC_WARN_UNUSED_VARIABLE = YES;
				IPHONEOS_DEPLOYMENT_TARGET = 9.0;
				MTL_ENABLE_DEBUG_INFO = YES;
				ONLY_ACTIVE_ARCH = YES;
				SDKROOT = iphoneos;
				SWIFT_ACTIVE_COMPILATION_CONDITIONS = DEBUG;
				SWIFT_OPTIMIZATION_LEVEL = "-Onone";
			};
			name = Debug;
		};
		1271DCBD21351C6D002B8D3E /* Release */ = {
			isa = XCBuildConfiguration;
			buildSettings = {
				ALWAYS_SEARCH_USER_PATHS = NO;
				CLANG_ANALYZER_NONNULL = YES;
				CLANG_ANALYZER_NUMBER_OBJECT_CONVERSION = YES_AGGRESSIVE;
				CLANG_CXX_LANGUAGE_STANDARD = "gnu++14";
				CLANG_CXX_LIBRARY = "libc++";
				CLANG_ENABLE_MODULES = YES;
				CLANG_ENABLE_OBJC_ARC = YES;
				CLANG_WARN_BLOCK_CAPTURE_AUTORELEASING = YES;
				CLANG_WARN_BOOL_CONVERSION = YES;
				CLANG_WARN_COMMA = YES;
				CLANG_WARN_CONSTANT_CONVERSION = YES;
				CLANG_WARN_DIRECT_OBJC_ISA_USAGE = YES_ERROR;
				CLANG_WARN_DOCUMENTATION_COMMENTS = YES;
				CLANG_WARN_EMPTY_BODY = YES;
				CLANG_WARN_ENUM_CONVERSION = YES;
				CLANG_WARN_INFINITE_RECURSION = YES;
				CLANG_WARN_INT_CONVERSION = YES;
				CLANG_WARN_NON_LITERAL_NULL_CONVERSION = YES;
				CLANG_WARN_OBJC_LITERAL_CONVERSION = YES;
				CLANG_WARN_OBJC_ROOT_CLASS = YES_ERROR;
				CLANG_WARN_RANGE_LOOP_ANALYSIS = YES;
				CLANG_WARN_STRICT_PROTOTYPES = YES;
				CLANG_WARN_SUSPICIOUS_MOVE = YES;
				CLANG_WARN_UNGUARDED_AVAILABILITY = YES_AGGRESSIVE;
				CLANG_WARN_UNREACHABLE_CODE = YES;
				CLANG_WARN__DUPLICATE_METHOD_MATCH = YES;
				CODE_SIGN_IDENTITY = "iPhone Developer";
				COPY_PHASE_STRIP = NO;
				DEBUG_INFORMATION_FORMAT = "dwarf-with-dsym";
				ENABLE_NS_ASSERTIONS = NO;
				ENABLE_STRICT_OBJC_MSGSEND = YES;
				GCC_C_LANGUAGE_STANDARD = gnu11;
				GCC_NO_COMMON_BLOCKS = YES;
				GCC_WARN_64_TO_32_BIT_CONVERSION = YES;
				GCC_WARN_ABOUT_RETURN_TYPE = YES_ERROR;
				GCC_WARN_UNDECLARED_SELECTOR = YES;
				GCC_WARN_UNINITIALIZED_AUTOS = YES_AGGRESSIVE;
				GCC_WARN_UNUSED_FUNCTION = YES;
				GCC_WARN_UNUSED_VARIABLE = YES;
				IPHONEOS_DEPLOYMENT_TARGET = 9.0;
				MTL_ENABLE_DEBUG_INFO = NO;
				SDKROOT = iphoneos;
				SWIFT_OPTIMIZATION_LEVEL = "-Owholemodule";
				VALIDATE_PRODUCT = YES;
			};
			name = Release;
		};
		1271DCBF21351C6D002B8D3E /* Debug */ = {
			isa = XCBuildConfiguration;
			buildSettings = {
				ASSETCATALOG_COMPILER_APPICON_NAME = AppIcon;
				CODE_SIGN_STYLE = Automatic;
				DEVELOPMENT_TEAM = XV56FT9363;
				INFOPLIST_FILE = "sample-app/Info.plist";
				LD_RUNPATH_SEARCH_PATHS = "$(inherited) @executable_path/Frameworks";
				PRODUCT_BUNDLE_IDENTIFIER = "com.agoda.sample-app";
				PRODUCT_NAME = "$(TARGET_NAME)";
				SWIFT_VERSION = 4.0;
				TARGETED_DEVICE_FAMILY = "1,2";
			};
			name = Debug;
		};
		1271DCC021351C6D002B8D3E /* Release */ = {
			isa = XCBuildConfiguration;
			buildSettings = {
				ASSETCATALOG_COMPILER_APPICON_NAME = AppIcon;
				CODE_SIGN_STYLE = Automatic;
				DEVELOPMENT_TEAM = XV56FT9363;
				INFOPLIST_FILE = "sample-app/Info.plist";
				LD_RUNPATH_SEARCH_PATHS = "$(inherited) @executable_path/Frameworks";
				PRODUCT_BUNDLE_IDENTIFIER = "com.agoda.sample-app";
				PRODUCT_NAME = "$(TARGET_NAME)";
				SWIFT_VERSION = 4.0;
				TARGETED_DEVICE_FAMILY = "1,2";
			};
			name = Release;
		};
		1271DCC521351C6D002B8D3E /* Debug */ = {
			isa = XCBuildConfiguration;
			buildSettings = {
				ALWAYS_EMBED_SWIFT_STANDARD_LIBRARIES = YES;
				CODE_SIGN_STYLE = Automatic;
				DEVELOPMENT_TEAM = XV56FT9363;
				INFOPLIST_FILE = "sample-appUITests/Info.plist";
				LD_RUNPATH_SEARCH_PATHS = "$(inherited) @executable_path/Frameworks @loader_path/Frameworks";
				PRODUCT_BUNDLE_IDENTIFIER = "com.agoga.sample-appUITests";
				PRODUCT_NAME = "$(TARGET_NAME)";
				SWIFT_VERSION = 4.0;
				TARGETED_DEVICE_FAMILY = "1,2";
				TEST_TARGET_NAME = "sample-app";
			};
			name = Debug;
		};
		1271DCC621351C6D002B8D3E /* Release */ = {
			isa = XCBuildConfiguration;
			buildSettings = {
				ALWAYS_EMBED_SWIFT_STANDARD_LIBRARIES = YES;
				CODE_SIGN_STYLE = Automatic;
				DEVELOPMENT_TEAM = XV56FT9363;
				INFOPLIST_FILE = "sample-appUITests/Info.plist";
				LD_RUNPATH_SEARCH_PATHS = "$(inherited) @executable_path/Frameworks @loader_path/Frameworks";
				PRODUCT_BUNDLE_IDENTIFIER = "com.agoga.sample-appUITests";
				PRODUCT_NAME = "$(TARGET_NAME)";
				SWIFT_VERSION = 4.0;
				TARGETED_DEVICE_FAMILY = "1,2";
				TEST_TARGET_NAME = "sample-app";
			};
			name = Release;
		};
/* End XCBuildConfiguration section */

/* Begin XCConfigurationList section */
		1271DC9121351C6D002B8D3E /* Build configuration list for PBXProject "sample-app" */ = {
			isa = XCConfigurationList;
			buildConfigurations = (
				1271DCBC21351C6D002B8D3E /* Debug */,
				1271DCBD21351C6D002B8D3E /* Release */,
			);
			defaultConfigurationIsVisible = 0;
			defaultConfigurationName = Release;
		};
		1271DCBE21351C6D002B8D3E /* Build configuration list for PBXNativeTarget "sample-app" */ = {
			isa = XCConfigurationList;
			buildConfigurations = (
				1271DCBF21351C6D002B8D3E /* Debug */,
				1271DCC021351C6D002B8D3E /* Release */,
			);
			defaultConfigurationIsVisible = 0;
			defaultConfigurationName = Release;
		};
		1271DCC421351C6D002B8D3E /* Build configuration list for PBXNativeTarget "sample-appUITests" */ = {
			isa = XCConfigurationList;
			buildConfigurations = (
				1271DCC521351C6D002B8D3E /* Debug */,
				1271DCC621351C6D002B8D3E /* Release */,
			);
			defaultConfigurationIsVisible = 0;
			defaultConfigurationName = Release;
		};
/* End XCConfigurationList section */
	};
	rootObject = 1271DC8E21351C6D002B8D3E /* Project object */;
}
